Microsoft Visual Studio Solution File, Format Version 12.00
# Visual Studio Version 17
VisualStudioVersion = 17.5.2.0
MinimumVisualStudioVersion = 10.0.40219.1
Project("{FAE04EC0-301F-11D3-BF4B-00C04F79EFBC}") = "AdocaoApp", "AdocaoApp.csproj", "{949D3404-9832-51C1-F635-9DA986816DD1}"
EndProject
Global
	GlobalSection(SolutionConfigurationPlatforms) = preSolution
		Debug|Any CPU = Debug|Any CPU
		Release|Any CPU = Release|Any CPU
	EndGlobalSection
	GlobalSection(ProjectConfigurationPlatforms) = postSolution
		{949D3404-9832-51C1-F635-9DA986816DD1}.Debug|Any CPU.ActiveCfg = Debug|Any CPU
		{949D3404-9832-51C1-F635-9DA986816DD1}.Debug|Any CPU.Build.0 = Debug|Any CPU
		{949D3404-9832-51C1-F635-9DA986816DD1}.Release|Any CPU.ActiveCfg = Release|Any CPU
		{949D3404-9832-51C1-F635-9DA986816DD1}.Release|Any CPU.Build.0 = Release|Any CPU
	EndGlobalSection
	GlobalSection(SolutionProperties) = preSolution
		HideSolutionNode = FALSE
	EndGlobalSection
	GlobalSection(ExtensibilityGlobals) = postSolution
		SolutionGuid = {C6D9D3EE-DA3D-4A07-9F5F-4CD9EFF0C686}
	EndGlobalSection
EndGlobal
